<?xml version="1.0" encoding="utf-8"?>
<Project ToolsVersion="4.0" xmlns="http://schemas.microsoft.com/developer/msbuild/2003">
  <ItemGroup>
    <Filter Include="pbr">
      <UniqueIdentifier>{1545a83f-0b7e-425b-900d-5c72c80f6a20}</UniqueIdentifier>
    </Filter>
    <Filter Include="ssao">
      <UniqueIdentifier>{62c171e6-4ebd-4d6e-b600-aa4f495862a3}</UniqueIdentifier>
    </Filter>
    <Filter Include="utility">
      <UniqueIdentifier>{eac5f6e0-7943-417b-a17c-7e8c6b4e70c5}</UniqueIdentifier>
    </Filter>
  </ItemGroup>
  <ItemGroup>
    <ClCompile Include="utility\glad.c">
      <Filter>utility</Filter>
    </ClCompile>
    <ClCompile Include="src\pbr\pbr.cpp">
      <Filter>pbr</Filter>
    </ClCompile>
    <ClCompile Include="src\ssao\ssao.cpp">
      <Filter>ssao</Filter>
    </ClCompile>
  </ItemGroup>
  <ItemGroup>
    <ClInclude Include="utility\camera.h">
      <Filter>utility</Filter>
    </ClInclude>
    <ClInclude Include="utility\mesh.h">
      <Filter>utility</Filter>
    </ClInclude>
    <ClInclude Include="utility\model.h">
      <Filter>utility</Filter>
    </ClInclude>
    <ClInclude Include="utility\shader_s.h">
      <Filter>utility</Filter>
    </ClInclude>
    <ClInclude Include="utility\stb_image.h">
      <Filter>utility</Filter>
    </ClInclude>
  </ItemGroup>
  <ItemGroup>
    <None Include="src\pbr\background.fs">
      <Filter>pbr</Filter>
    </None>
    <None Include="src\pbr\background.vs">
      <Filter>pbr</Filter>
    </None>
    <None Include="src\pbr\brdf.fs">
      <Filter>pbr</Filter>
    </None>
    <None Include="src\pbr\brdf.vs">
      <Filter>pbr</Filter>
    </None>
    <None Include="src\pbr\cubemap.vs">
      <Filter>pbr</Filter>
    </None>
    <None Include="src\pbr\equirectangular_to_cubemap.fs">
      <Filter>pbr</Filter>
    </None>
    <None Include="src\pbr\irradiance_convolution.fs">
      <Filter>pbr</Filter>
    </None>
    <None Include="src\pbr\pbr.fs">
      <Filter>pbr</Filter>
    </None>
    <None Include="src\pbr\pbr.vs">
      <Filter>pbr</Filter>
    </None>
    <None Include="src\pbr\prefilterShader.fs">
      <Filter>pbr</Filter>
    </None>
    <None Include="src\ssao\ssao.fs">
      <Filter>ssao</Filter>
    </None>
    <None Include="src\ssao\ssao.vs">
      <Filter>ssao</Filter>
    </None>
    <None Include="src\ssao\ssao_blur.fs">
      <Filter>ssao</Filter>
    </None>
    <None Include="src\ssao\ssao_geometry.fs">
      <Filter>ssao</Filter>
    </None>
    <None Include="src\ssao\ssao_geometry.vs">
      <Filter>ssao</Filter>
    </None>
    <None Include="src\ssao\ssao_lighting.fs">
      <Filter>ssao</Filter>
    </None>
  </ItemGroup>
</Project>